
Microsoft Visual Studio Solution File, Format Version 12.00
# Visual Studio Version 16
VisualStudioVersion = 16.0.31424.327
MinimumVisualStudioVersion = 10.0.40219.1
Project("{FAE04EC0-301F-11D3-BF4B-00C04F79EFBC}") = "doyokouza-bakudan", "doyokouza-bakudan\doyokouza-bakudan.csproj", "{A2DCB6A5-41FD-49A9-A9C4-F262DE22427A}"
EndProject
Global
	GlobalSection(SolutionConfigurationPlatforms) = preSolution
		Debug|Any CPU = Debug|Any CPU
		Release|Any CPU = Release|Any CPU
	EndGlobalSection
	GlobalSection(ProjectConfigurationPlatforms) = postSolution
		{A2DCB6A5-41FD-49A9-A9C4-F262DE22427A}.Debug|Any CPU.ActiveCfg = Debug|Any CPU
		{A2DCB6A5-41FD-49A9-A9C4-F262DE22427A}.Debug|Any CPU.Build.0 = Debug|Any CPU
		{A2DCB6A5-41FD-49A9-A9C4-F262DE22427A}.Release|Any CPU.ActiveCfg = Release|Any CPU
		{A2DCB6A5-41FD-49A9-A9C4-F262DE22427A}.Release|Any CPU.Build.0 = Release|Any CPU
	EndGlobalSection
	GlobalSection(SolutionProperties) = preSolution
		HideSolutionNode = FALSE
	EndGlobalSection
	GlobalSection(ExtensibilityGlobals) = postSolution
		SolutionGuid = {D5E702BC-8157-4688-8ABB-6740EED8FA58}
	EndGlobalSection
EndGlobal
